{
  "name": "surf",
  "version": "1.0.0",
  "lockfileVersion": 2,
  "requires": true,
  "packages": {
    "": {
      "version": "1.0.0",
      "license": "GPL-3.0",
      "dependencies": {
        "computer": "^1.0.0",
        "crux": "^1.0.0",
        "jst": "^1.0.0",
        "mime": "^2.5.2",
        "termite": "^1.0.0",
        "uWebSockets.js": "^19.2.0",
        "zed": "^1.0.0"
      }
    },
    "node_modules/computer": {
      "version": "1.0.0",
      "resolved": "git+ssh://git@github.com/SKYCRATE-ltd/computer.git#f278a5531fbe09ebb1182f059ba3485fec7e3c3a",
      "license": "GPL-3.0"
    },
    "node_modules/crux": {
      "version": "1.0.0",
      "resolved": "git+ssh://git@github.com/SKYCRATE-ltd/crux.git#45cff6005390abfece9808d9b1b5729b57a9a91b",
      "license": "GPL-3.0"
    },
    "node_modules/jst": {
      "version": "1.0.0",
      "resolved": "git+ssh://git@github.com/SKYCRATE-ltd/jst.git#d387e88eaa6323c0be33823d53987cf48e26162a",
      "license": "GPL-3.0"
    },
    "node_modules/mime": {
      "version": "2.5.2",
      "resolved": "https://registry.npmjs.org/mime/-/mime-2.5.2.tgz",
      "integrity": "sha512-tqkh47FzKeCPD2PUiPB6pkbMzsCasjxAfC62/Wap5qrUWcb+sFasXUC5I3gYM5iBM8v/Qpn4UK0x+j0iHyFPDg==",
      "bin": {
        "mime": "cli.js"
      },
      "engines": {
        "node": ">=4.0.0"
      }
    },
    "node_modules/termite": {
      "version": "1.0.0",
      "resolved": "git+ssh://git@github.com/SKYCRATE-ltd/termite.git#28c6b44af861de64799024d22cafc262265db845",
      "license": "GPL-3.0",
      "dependencies": {
        "computer": "github:SKYCRATE-ltd/computer",
        "zed": "github:SKYCRATE-ltd/zed"
      }
    },
    "node_modules/uWebSockets.js": {
      "version": "19.2.0",
      "resolved": "git+ssh://git@github.com/uNetworking/uWebSockets.js.git#77b1761c5a23ac6a5c2adf2bd808be0ae6b5000a"
    },
    "node_modules/zed": {
      "version": "1.0.0",
      "resolved": "git+ssh://git@github.com/SKYCRATE-ltd/zed.git#7d88c0c4f78b2270f7c317b884ed10036c677247",
      "license": "GPL-3.0",
      "dependencies": {
        "crux": "github:SKYCRATE-ltd/crux"
      }
    }
  },
  "dependencies": {
    "computer": {
      "version": "git+ssh://git@github.com/SKYCRATE-ltd/computer.git#f278a5531fbe09ebb1182f059ba3485fec7e3c3a",
      "from": "computer@^1.0.0"
    },
    "crux": {
      "version": "git+ssh://git@github.com/SKYCRATE-ltd/crux.git#45cff6005390abfece9808d9b1b5729b57a9a91b",
      "from": "crux@^1.0.0"
    },
    "jst": {
      "version": "git+ssh://git@github.com/SKYCRATE-ltd/jst.git#d387e88eaa6323c0be33823d53987cf48e26162a",
      "from": "jst@^1.0.0"
    },
    "mime": {
      "version": "2.5.2",
      "resolved": "https://registry.npmjs.org/mime/-/mime-2.5.2.tgz",
      "integrity": "sha512-tqkh47FzKeCPD2PUiPB6pkbMzsCasjxAfC62/Wap5qrUWcb+sFasXUC5I3gYM5iBM8v/Qpn4UK0x+j0iHyFPDg=="
    },
    "termite": {
      "version": "git+ssh://git@github.com/SKYCRATE-ltd/termite.git#28c6b44af861de64799024d22cafc262265db845",
      "from": "termite@^1.0.0",
      "requires": {
        "computer": "github:SKYCRATE-ltd/computer",
        "zed": "github:SKYCRATE-ltd/zed"
      }
    },
    "uWebSockets.js": {
      "version": "git+ssh://git@github.com/uNetworking/uWebSockets.js.git#77b1761c5a23ac6a5c2adf2bd808be0ae6b5000a",
      "from": "uWebSockets.js@^19.2.0"
    },
    "zed": {
      "version": "git+ssh://git@github.com/SKYCRATE-ltd/zed.git#7d88c0c4f78b2270f7c317b884ed10036c677247",
      "from": "zed@^1.0.0",
      "requires": {
        "crux": "github:SKYCRATE-ltd/crux"
      }
    }
  }
}
