{
  "name": "surf",
  "version": "1.0.0",
  "lockfileVersion": 2,
  "requires": true,
  "packages": {
    "": {
      "version": "1.0.0",
      "license": "GPL-3.0",
      "dependencies": {
        "computer": "github:SKYCRATE-ltd/computer",
        "jst": "github:SKYCRATE-ltd/jst",
        "mime": "^2.5.2",
        "uWebSockets.js": "github:uNetworking/uWebSockets.js#v19.2.0",
        "zed": "github:SKYCRATE-ltd/zed"
      }
    },
    "node_modules/computer": {
      "version": "1.0.0",
      "resolved": "git+ssh://git@github.com/SKYCRATE-ltd/computer.git#937d808648885eb47349d5924d63547f46949514",
      "license": "GPL-3.0"
    },
    "node_modules/crux": {
      "version": "1.0.0",
      "resolved": "git+ssh://git@github.com/SKYCRATE-ltd/crux.git#87cdb30aaf56a7d3f8b0258e61126ed17f53de7d",
      "license": "GPL-3.0"
    },
    "node_modules/jst": {
      "version": "1.0.0",
      "resolved": "git+ssh://git@github.com/SKYCRATE-ltd/jst.git#1d2f66486c45041e9277cdacab49baebad29a836",
      "license": "GPL-3.0"
    },
    "node_modules/mime": {
      "version": "2.5.2",
      "resolved": "https://registry.npmjs.org/mime/-/mime-2.5.2.tgz",
      "integrity": "sha512-tqkh47FzKeCPD2PUiPB6pkbMzsCasjxAfC62/Wap5qrUWcb+sFasXUC5I3gYM5iBM8v/Qpn4UK0x+j0iHyFPDg==",
      "bin": {
        "mime": "cli.js"
      },
      "engines": {
        "node": ">=4.0.0"
      }
    },
    "node_modules/uWebSockets.js": {
      "version": "19.2.0",
      "resolved": "git+ssh://git@github.com/uNetworking/uWebSockets.js.git#77b1761c5a23ac6a5c2adf2bd808be0ae6b5000a"
    },
    "node_modules/zed": {
      "version": "1.0.0",
      "resolved": "git+ssh://git@github.com/SKYCRATE-ltd/zed.git#877c57acba08ea2d228edc1f9da509ac8296a4c1",
      "license": "GPL-3.0",
      "dependencies": {
        "crux": "github:SKYCRATE-ltd/crux"
      }
    }
  },
  "dependencies": {
    "computer": {
      "version": "git+ssh://git@github.com/SKYCRATE-ltd/computer.git#937d808648885eb47349d5924d63547f46949514",
      "from": "computer@github:SKYCRATE-ltd/computer"
    },
    "crux": {
      "version": "git+ssh://git@github.com/SKYCRATE-ltd/crux.git#87cdb30aaf56a7d3f8b0258e61126ed17f53de7d",
      "from": "crux@github:SKYCRATE-ltd/crux"
    },
    "jst": {
      "version": "git+ssh://git@github.com/SKYCRATE-ltd/jst.git#1d2f66486c45041e9277cdacab49baebad29a836",
      "from": "jst@github:SKYCRATE-ltd/jst"
    },
    "mime": {
      "version": "2.5.2",
      "resolved": "https://registry.npmjs.org/mime/-/mime-2.5.2.tgz",
      "integrity": "sha512-tqkh47FzKeCPD2PUiPB6pkbMzsCasjxAfC62/Wap5qrUWcb+sFasXUC5I3gYM5iBM8v/Qpn4UK0x+j0iHyFPDg=="
    },
    "uWebSockets.js": {
      "version": "git+ssh://git@github.com/uNetworking/uWebSockets.js.git#77b1761c5a23ac6a5c2adf2bd808be0ae6b5000a",
      "from": "uWebSockets.js@github:uNetworking/uWebSockets.js#v19.2.0"
    },
    "zed": {
      "version": "git+ssh://git@github.com/SKYCRATE-ltd/zed.git#877c57acba08ea2d228edc1f9da509ac8296a4c1",
      "from": "zed@github:SKYCRATE-ltd/zed",
      "requires": {
        "crux": "github:SKYCRATE-ltd/crux"
      }
    }
  }
}
