{
  "name": "surf",
  "version": "1.0.0",
  "lockfileVersion": 2,
  "requires": true,
  "packages": {
    "": {
      "version": "1.0.0",
      "license": "GPL-3.0",
      "dependencies": {
        "@prisma/client": "^2.22.1",
        "computer": "github:SKYCRATE-ltd/computer",
        "jst": "github:SKYCRATE-ltd/jst",
        "mime": "^2.5.2",
        "uWebSockets.js": "github:uNetworking/uWebSockets.js#v19.2.0",
        "zed": "github:SKYCRATE-ltd/zed"
      },
      "devDependencies": {
        "prisma": "^2.22.1"
      }
    },
    "node_modules/@prisma/client": {
      "version": "2.22.1",
      "resolved": "https://registry.npmjs.org/@prisma/client/-/client-2.22.1.tgz",
      "integrity": "sha512-JQjbsY6QSfFiovXHEp5WeJHa5p2CuR1ZFPAeYXmUsOAQOaMCrhgQmKAL6w2Q3SRA7ALqPjrKywN9/QfBc4Kp1A==",
      "hasInstallScript": true,
      "dependencies": {
        "@prisma/engines-version": "2.22.0-21.60cc71d884972ab4e897f0277c4b84383dddaf6c"
      },
      "engines": {
        "node": ">=10.16"
      },
      "peerDependencies": {
        "prisma": "*"
      },
      "peerDependenciesMeta": {
        "prisma": {
          "optional": true
        }
      }
    },
    "node_modules/@prisma/engines": {
      "version": "2.22.0-21.60cc71d884972ab4e897f0277c4b84383dddaf6c",
      "resolved": "https://registry.npmjs.org/@prisma/engines/-/engines-2.22.0-21.60cc71d884972ab4e897f0277c4b84383dddaf6c.tgz",
      "integrity": "sha512-KmWdogrsfsSLYvfqY3cS3QcDGzaEFklE+T6dNJf+k/KPQum4A29IwDalafMwh5cMN8ivZobUbowNSwWJrMT08Q==",
      "devOptional": true,
      "hasInstallScript": true
    },
    "node_modules/@prisma/engines-version": {
      "version": "2.22.0-21.60cc71d884972ab4e897f0277c4b84383dddaf6c",
      "resolved": "https://registry.npmjs.org/@prisma/engines-version/-/engines-version-2.22.0-21.60cc71d884972ab4e897f0277c4b84383dddaf6c.tgz",
      "integrity": "sha512-OkkVwk6iTzTbwwl8JIKAENyxmh4TFORal55QMKQzrHEY8UzbD0M90mQnmziz3PAopQUZgTFFMlaPAq1WNrLMtA=="
    },
    "node_modules/computer": {
      "version": "1.0.0",
      "resolved": "git+ssh://git@github.com/SKYCRATE-ltd/computer.git#937d808648885eb47349d5924d63547f46949514",
      "license": "GPL-3.0"
    },
    "node_modules/crux": {
      "version": "1.0.0",
      "resolved": "git+ssh://git@github.com/SKYCRATE-ltd/crux.git#87cdb30aaf56a7d3f8b0258e61126ed17f53de7d",
      "license": "GPL-3.0"
    },
    "node_modules/jst": {
      "version": "1.0.0",
      "resolved": "git+ssh://git@github.com/SKYCRATE-ltd/jst.git#1d2f66486c45041e9277cdacab49baebad29a836",
      "license": "GPL-3.0"
    },
    "node_modules/mime": {
      "version": "2.5.2",
      "resolved": "https://registry.npmjs.org/mime/-/mime-2.5.2.tgz",
      "integrity": "sha512-tqkh47FzKeCPD2PUiPB6pkbMzsCasjxAfC62/Wap5qrUWcb+sFasXUC5I3gYM5iBM8v/Qpn4UK0x+j0iHyFPDg==",
      "bin": {
        "mime": "cli.js"
      },
      "engines": {
        "node": ">=4.0.0"
      }
    },
    "node_modules/prisma": {
      "version": "2.22.1",
      "resolved": "https://registry.npmjs.org/prisma/-/prisma-2.22.1.tgz",
      "integrity": "sha512-hwvCM3zyxgSda/+/p+GW7nz93jRebtMU01wAG7YVVnl0OKU+dpw1wPvPFmQRldkZHk8fTCleYmjc24WaSdVPZQ==",
      "devOptional": true,
      "hasInstallScript": true,
      "dependencies": {
        "@prisma/engines": "2.22.0-21.60cc71d884972ab4e897f0277c4b84383dddaf6c"
      },
      "bin": {
        "prisma": "build/index.js",
        "prisma2": "build/index.js"
      },
      "engines": {
        "node": ">=10.4"
      }
    },
    "node_modules/uWebSockets.js": {
      "version": "19.2.0",
      "resolved": "git+ssh://git@github.com/uNetworking/uWebSockets.js.git#77b1761c5a23ac6a5c2adf2bd808be0ae6b5000a"
    },
    "node_modules/zed": {
      "version": "1.0.0",
      "resolved": "git+ssh://git@github.com/SKYCRATE-ltd/zed.git#830de7018e64e51f1ff1afae8d4de4fe2639addd",
      "license": "GPL-3.0",
      "dependencies": {
        "crux": "github:SKYCRATE-ltd/crux"
      }
    }
  },
  "dependencies": {
    "@prisma/client": {
      "version": "2.22.1",
      "resolved": "https://registry.npmjs.org/@prisma/client/-/client-2.22.1.tgz",
      "integrity": "sha512-JQjbsY6QSfFiovXHEp5WeJHa5p2CuR1ZFPAeYXmUsOAQOaMCrhgQmKAL6w2Q3SRA7ALqPjrKywN9/QfBc4Kp1A==",
      "requires": {
        "@prisma/engines-version": "2.22.0-21.60cc71d884972ab4e897f0277c4b84383dddaf6c"
      }
    },
    "@prisma/engines": {
      "version": "2.22.0-21.60cc71d884972ab4e897f0277c4b84383dddaf6c",
      "resolved": "https://registry.npmjs.org/@prisma/engines/-/engines-2.22.0-21.60cc71d884972ab4e897f0277c4b84383dddaf6c.tgz",
      "integrity": "sha512-KmWdogrsfsSLYvfqY3cS3QcDGzaEFklE+T6dNJf+k/KPQum4A29IwDalafMwh5cMN8ivZobUbowNSwWJrMT08Q==",
      "devOptional": true
    },
    "@prisma/engines-version": {
      "version": "2.22.0-21.60cc71d884972ab4e897f0277c4b84383dddaf6c",
      "resolved": "https://registry.npmjs.org/@prisma/engines-version/-/engines-version-2.22.0-21.60cc71d884972ab4e897f0277c4b84383dddaf6c.tgz",
      "integrity": "sha512-OkkVwk6iTzTbwwl8JIKAENyxmh4TFORal55QMKQzrHEY8UzbD0M90mQnmziz3PAopQUZgTFFMlaPAq1WNrLMtA=="
    },
    "computer": {
      "version": "git+ssh://git@github.com/SKYCRATE-ltd/computer.git#937d808648885eb47349d5924d63547f46949514",
      "from": "computer@github:SKYCRATE-ltd/computer"
    },
    "crux": {
      "version": "git+ssh://git@github.com/SKYCRATE-ltd/crux.git#87cdb30aaf56a7d3f8b0258e61126ed17f53de7d",
      "from": "crux@github:SKYCRATE-ltd/crux"
    },
    "jst": {
      "version": "git+ssh://git@github.com/SKYCRATE-ltd/jst.git#1d2f66486c45041e9277cdacab49baebad29a836",
      "from": "jst@github:SKYCRATE-ltd/jst"
    },
    "mime": {
      "version": "2.5.2",
      "resolved": "https://registry.npmjs.org/mime/-/mime-2.5.2.tgz",
      "integrity": "sha512-tqkh47FzKeCPD2PUiPB6pkbMzsCasjxAfC62/Wap5qrUWcb+sFasXUC5I3gYM5iBM8v/Qpn4UK0x+j0iHyFPDg=="
    },
    "prisma": {
      "version": "2.22.1",
      "resolved": "https://registry.npmjs.org/prisma/-/prisma-2.22.1.tgz",
      "integrity": "sha512-hwvCM3zyxgSda/+/p+GW7nz93jRebtMU01wAG7YVVnl0OKU+dpw1wPvPFmQRldkZHk8fTCleYmjc24WaSdVPZQ==",
      "devOptional": true,
      "requires": {
        "@prisma/engines": "2.22.0-21.60cc71d884972ab4e897f0277c4b84383dddaf6c"
      }
    },
    "uWebSockets.js": {
      "version": "git+ssh://git@github.com/uNetworking/uWebSockets.js.git#77b1761c5a23ac6a5c2adf2bd808be0ae6b5000a",
      "from": "uWebSockets.js@github:uNetworking/uWebSockets.js#v19.2.0"
    },
    "zed": {
      "version": "git+ssh://git@github.com/SKYCRATE-ltd/zed.git#830de7018e64e51f1ff1afae8d4de4fe2639addd",
      "from": "zed@github:SKYCRATE-ltd/zed",
      "requires": {
        "crux": "github:SKYCRATE-ltd/crux"
      }
    }
  }
}
